
Microsoft Visual Studio Solution File, Format Version 12.00
# Visual Studio Version 17
VisualStudioVersion = 17.11.35208.52
MinimumVisualStudioVersion = 10.0.40219.1
Project("{FAE04EC0-301F-11D3-BF4B-00C04F79EFBC}") = "OOPLAB2WIN", "OOPLAB2WIN\OOPLAB2WIN.csproj", "{06A1A37A-DDA8-4319-A630-EE65944B7AE5}"
EndProject
Global
	GlobalSection(SolutionConfigurationPlatforms) = preSolution
		Debug|Any CPU = Debug|Any CPU
		Release|Any CPU = Release|Any CPU
	EndGlobalSection
	GlobalSection(ProjectConfigurationPlatforms) = postSolution
		{06A1A37A-DDA8-4319-A630-EE65944B7AE5}.Debug|Any CPU.ActiveCfg = Debug|Any CPU
		{06A1A37A-DDA8-4319-A630-EE65944B7AE5}.Debug|Any CPU.Build.0 = Debug|Any CPU
		{06A1A37A-DDA8-4319-A630-EE65944B7AE5}.Release|Any CPU.ActiveCfg = Release|Any CPU
		{06A1A37A-DDA8-4319-A630-EE65944B7AE5}.Release|Any CPU.Build.0 = Release|Any CPU
	EndGlobalSection
	GlobalSection(SolutionProperties) = preSolution
		HideSolutionNode = FALSE
	EndGlobalSection
	GlobalSection(ExtensibilityGlobals) = postSolution
		SolutionGuid = {E099196D-6F28-4BF0-895B-C421BAA1220E}
	EndGlobalSection
EndGlobal
