
Microsoft Visual Studio Solution File, Format Version 12.00
# Visual Studio Version 17
VisualStudioVersion = 17.11.35208.52
MinimumVisualStudioVersion = 10.0.40219.1
Project("{FAE04EC0-301F-11D3-BF4B-00C04F79EFBC}") = "OOP_Lab4", "OOP_Lab4\OOP_Lab4.csproj", "{30713DE6-5D42-4448-930A-0BE7B1506F5F}"
EndProject
Global
	GlobalSection(SolutionConfigurationPlatforms) = preSolution
		Debug|Any CPU = Debug|Any CPU
		Release|Any CPU = Release|Any CPU
	EndGlobalSection
	GlobalSection(ProjectConfigurationPlatforms) = postSolution
		{30713DE6-5D42-4448-930A-0BE7B1506F5F}.Debug|Any CPU.ActiveCfg = Debug|Any CPU
		{30713DE6-5D42-4448-930A-0BE7B1506F5F}.Debug|Any CPU.Build.0 = Debug|Any CPU
		{30713DE6-5D42-4448-930A-0BE7B1506F5F}.Release|Any CPU.ActiveCfg = Release|Any CPU
		{30713DE6-5D42-4448-930A-0BE7B1506F5F}.Release|Any CPU.Build.0 = Release|Any CPU
	EndGlobalSection
	GlobalSection(SolutionProperties) = preSolution
		HideSolutionNode = FALSE
	EndGlobalSection
	GlobalSection(ExtensibilityGlobals) = postSolution
		SolutionGuid = {8AD9F202-4F17-4555-9AE1-EBD71260231B}
	EndGlobalSection
EndGlobal
